
Microsoft Visual Studio Solution File, Format Version 12.00
# Visual Studio 15
VisualStudioVersion = 15.0.27703.2000
MinimumVisualStudioVersion = 10.0.40219.1
Project("{FAE04EC0-301F-11D3-BF4B-00C04F79EFBC}") = "Utilzao", "Utilzao\Utilzao.csproj", "{094DFB95-8D12-4789-A1EC-13C01D969831}"
EndProject
Project("{9A19103F-16F7-4668-BE54-9A1E7A4F7556}") = "Utilzao.NetStandard12", "Utilzao.NetStandard12\Utilzao.NetStandard12.csproj", "{AC126018-A811-48B1-99AB-AD4651BEA6CA}"
EndProject
Global
	GlobalSection(SolutionConfigurationPlatforms) = preSolution
		Debug|Any CPU = Debug|Any CPU
		Release|Any CPU = Release|Any CPU
	EndGlobalSection
	GlobalSection(ProjectConfigurationPlatforms) = postSolution
		{094DFB95-8D12-4789-A1EC-13C01D969831}.Debug|Any CPU.ActiveCfg = Debug|Any CPU
		{094DFB95-8D12-4789-A1EC-13C01D969831}.Debug|Any CPU.Build.0 = Debug|Any CPU
		{094DFB95-8D12-4789-A1EC-13C01D969831}.Release|Any CPU.ActiveCfg = Release|Any CPU
		{094DFB95-8D12-4789-A1EC-13C01D969831}.Release|Any CPU.Build.0 = Release|Any CPU
		{AC126018-A811-48B1-99AB-AD4651BEA6CA}.Debug|Any CPU.ActiveCfg = Debug|Any CPU
		{AC126018-A811-48B1-99AB-AD4651BEA6CA}.Debug|Any CPU.Build.0 = Debug|Any CPU
		{AC126018-A811-48B1-99AB-AD4651BEA6CA}.Release|Any CPU.ActiveCfg = Release|Any CPU
		{AC126018-A811-48B1-99AB-AD4651BEA6CA}.Release|Any CPU.Build.0 = Release|Any CPU
	EndGlobalSection
	GlobalSection(SolutionProperties) = preSolution
		HideSolutionNode = FALSE
	EndGlobalSection
	GlobalSection(ExtensibilityGlobals) = postSolution
		SolutionGuid = {1991306D-B649-4E15-8179-9DEF91C16F93}
	EndGlobalSection
EndGlobal
